# THIS IS AN AUTOGENERATED FILE. DO NOT EDIT THIS FILE DIRECTLY.
# yarn lockfile v1


"accepts@~1.3.8":
  "version" "1.3.8"
  dependencies:
    "mime-types" "~2.1.34"
    "negotiator" "0.6.3"

"accepts@1.3.3":
  "resolved" "https://registry.npmjs.org/accepts/-/accepts-1.3.3.tgz"
  "version" "1.3.3"
  dependencies:
    "mime-types" "~2.1.11"
    "negotiator" "0.6.1"

"after@0.8.2":
  "resolved" "https://registry.npmjs.org/after/-/after-0.8.2.tgz"
  "version" "0.8.2"

"array-flatten@1.1.1":
  "resolved" "https://registry.npmjs.org/array-flatten/-/array-flatten-1.1.1.tgz"
  "version" "1.1.1"

"arraybuffer.slice@0.0.6":
  "resolved" "https://registry.npmjs.org/arraybuffer.slice/-/arraybuffer.slice-0.0.6.tgz"
  "version" "0.0.6"

"asap@~2.0.6":
  "version" "2.0.6"

"backo2@1.0.2":
  "resolved" "https://registry.npmjs.org/backo2/-/backo2-1.0.2.tgz"
  "version" "1.0.2"

"balanced-match@^1.0.0":
  "version" "1.0.2"

"base64-arraybuffer@0.1.5":
  "resolved" "https://registry.npmjs.org/base64-arraybuffer/-/base64-arraybuffer-0.1.5.tgz"
  "version" "0.1.5"

"base64id@1.0.0":
  "resolved" "https://registry.npmjs.org/base64id/-/base64id-1.0.0.tgz"
  "version" "1.0.0"

"better-assert@~1.0.0":
  "resolved" "https://registry.npmjs.org/better-assert/-/better-assert-1.0.2.tgz"
  "version" "1.0.2"
  dependencies:
    "callsite" "1.0.0"

"blob@0.0.4":
  "resolved" "https://registry.npmjs.org/blob/-/blob-0.0.4.tgz"
  "version" "0.0.4"

"body-parser@^1.13.3":
  "version" "1.20.2"
  dependencies:
    "bytes" "3.1.2"
    "content-type" "~1.0.5"
    "debug" "2.6.9"
    "depd" "2.0.0"
    "destroy" "1.2.0"
    "http-errors" "2.0.0"
    "iconv-lite" "0.4.24"
    "on-finished" "2.4.1"
    "qs" "6.11.0"
    "raw-body" "2.5.2"
    "type-is" "~1.6.18"
    "unpipe" "1.0.0"

"body-parser@1.20.1":
  "version" "1.20.1"
  dependencies:
    "bytes" "3.1.2"
    "content-type" "~1.0.4"
    "debug" "2.6.9"
    "depd" "2.0.0"
    "destroy" "1.2.0"
    "http-errors" "2.0.0"
    "iconv-lite" "0.4.24"
    "on-finished" "2.4.1"
    "qs" "6.11.0"
    "raw-body" "2.5.1"
    "type-is" "~1.6.18"
    "unpipe" "1.0.0"

"brace-expansion@^1.1.7":
  "resolved" "https://registry.npmjs.org/brace-expansion/-/brace-expansion-1.1.11.tgz"
  "version" "1.1.11"
  dependencies:
    "balanced-match" "^1.0.0"
    "concat-map" "0.0.1"

"bytes@3.1.2":
  "version" "3.1.2"

"call-bind@^1.0.0", "call-bind@^1.0.2":
  "version" "1.0.2"
  dependencies:
    "function-bind" "^1.1.1"
    "get-intrinsic" "^1.0.2"

"callsite@1.0.0":
  "resolved" "https://registry.npmjs.org/callsite/-/callsite-1.0.0.tgz"
  "version" "1.0.0"

"component-bind@1.0.0":
  "resolved" "https://registry.npmjs.org/component-bind/-/component-bind-1.0.0.tgz"
  "version" "1.0.0"

"component-emitter@1.1.2":
  "resolved" "https://registry.npmjs.org/component-emitter/-/component-emitter-1.1.2.tgz"
  "version" "1.1.2"

"component-emitter@1.2.1":
  "resolved" "https://registry.npmjs.org/component-emitter/-/component-emitter-1.2.1.tgz"
  "version" "1.2.1"

"component-inherit@0.0.3":
  "resolved" "https://registry.npmjs.org/component-inherit/-/component-inherit-0.0.3.tgz"
  "version" "0.0.3"

"concat-map@0.0.1":
  "resolved" "https://registry.npmjs.org/concat-map/-/concat-map-0.0.1.tgz"
  "version" "0.0.1"

"content-disposition@0.5.4":
  "version" "0.5.4"
  dependencies:
    "safe-buffer" "5.2.1"

"content-type@~1.0.4", "content-type@~1.0.5":
  "version" "1.0.5"

"cookie-parser@^1.3.3":
  "version" "1.4.6"
  dependencies:
    "cookie" "0.4.1"
    "cookie-signature" "1.0.6"

"cookie-signature@1.0.6":
  "resolved" "https://registry.npmjs.org/cookie-signature/-/cookie-signature-1.0.6.tgz"
  "version" "1.0.6"

"cookie@0.3.1":
  "resolved" "https://registry.npmjs.org/cookie/-/cookie-0.3.1.tgz"
  "version" "0.3.1"

"cookie@0.4.1":
  "version" "0.4.1"

"cookie@0.5.0":
  "version" "0.5.0"

"debug@2.2.0":
  "resolved" "https://registry.npmjs.org/debug/-/debug-2.2.0.tgz"
  "version" "2.2.0"
  dependencies:
    "ms" "0.7.1"

"debug@2.3.3":
  "resolved" "https://registry.npmjs.org/debug/-/debug-2.3.3.tgz"
  "version" "2.3.3"
  dependencies:
    "ms" "0.7.2"

"debug@2.6.9":
  "resolved" "https://registry.npmjs.org/debug/-/debug-2.6.9.tgz"
  "version" "2.6.9"
  dependencies:
    "ms" "2.0.0"

"define-properties@^1.1.4":
  "version" "1.2.0"
  dependencies:
    "has-property-descriptors" "^1.0.0"
    "object-keys" "^1.1.1"

"depd@2.0.0":
  "version" "2.0.0"

"destroy@1.2.0":
  "version" "1.2.0"

"ee-first@1.1.1":
  "resolved" "https://registry.npmjs.org/ee-first/-/ee-first-1.1.1.tgz"
  "version" "1.1.1"

"encodeurl@~1.0.2":
  "resolved" "https://registry.npmjs.org/encodeurl/-/encodeurl-1.0.2.tgz"
  "version" "1.0.2"

"engine.io-client@~1.8.4":
  "version" "1.8.6"
  dependencies:
    "component-emitter" "1.2.1"
    "component-inherit" "0.0.3"
    "debug" "2.3.3"
    "engine.io-parser" "1.3.2"
    "has-cors" "1.1.0"
    "indexof" "0.0.1"
    "parsejson" "0.0.3"
    "parseqs" "0.0.5"
    "parseuri" "0.0.5"
    "ws" "~1.1.5"
    "xmlhttprequest-ssl" "1.6.3"
    "yeast" "0.1.2"

"engine.io-parser@1.3.2":
  "resolved" "https://registry.npmjs.org/engine.io-parser/-/engine.io-parser-1.3.2.tgz"
  "version" "1.3.2"
  dependencies:
    "after" "0.8.2"
    "arraybuffer.slice" "0.0.6"
    "base64-arraybuffer" "0.1.5"
    "blob" "0.0.4"
    "has-binary" "0.1.7"
    "wtf-8" "1.0.0"

"engine.io@~1.8.4":
  "resolved" "https://registry.npmjs.org/engine.io/-/engine.io-1.8.5.tgz"
  "version" "1.8.5"
  dependencies:
    "accepts" "1.3.3"
    "base64id" "1.0.0"
    "cookie" "0.3.1"
    "debug" "2.3.3"
    "engine.io-parser" "1.3.2"
    "ws" "~1.1.5"

"escape-html@~1.0.3":
  "resolved" "https://registry.npmjs.org/escape-html/-/escape-html-1.0.3.tgz"
  "version" "1.0.3"

"etag@~1.8.1":
  "resolved" "https://registry.npmjs.org/etag/-/etag-1.8.1.tgz"
  "version" "1.8.1"

"express-handlebars@^3.0.0":
  "version" "3.1.0"
  dependencies:
    "glob" "^7.1.3"
    "graceful-fs" "^4.1.2"
    "handlebars" "^4.1.2"
    "object.assign" "^4.1.0"
    "promise" "^8.0.2"

"express@^4.13.3":
  "version" "4.18.2"
  dependencies:
    "accepts" "~1.3.8"
    "array-flatten" "1.1.1"
    "body-parser" "1.20.1"
    "content-disposition" "0.5.4"
    "content-type" "~1.0.4"
    "cookie" "0.5.0"
    "cookie-signature" "1.0.6"
    "debug" "2.6.9"
    "depd" "2.0.0"
    "encodeurl" "~1.0.2"
    "escape-html" "~1.0.3"
    "etag" "~1.8.1"
    "finalhandler" "1.2.0"
    "fresh" "0.5.2"
    "http-errors" "2.0.0"
    "merge-descriptors" "1.0.1"
    "methods" "~1.1.2"
    "on-finished" "2.4.1"
    "parseurl" "~1.3.3"
    "path-to-regexp" "0.1.7"
    "proxy-addr" "~2.0.7"
    "qs" "6.11.0"
    "range-parser" "~1.2.1"
    "safe-buffer" "5.2.1"
    "send" "0.18.0"
    "serve-static" "1.15.0"
    "setprototypeof" "1.2.0"
    "statuses" "2.0.1"
    "type-is" "~1.6.18"
    "utils-merge" "1.0.1"
    "vary" "~1.1.2"

"finalhandler@1.2.0":
  "version" "1.2.0"
  dependencies:
    "debug" "2.6.9"
    "encodeurl" "~1.0.2"
    "escape-html" "~1.0.3"
    "on-finished" "2.4.1"
    "parseurl" "~1.3.3"
    "statuses" "2.0.1"
    "unpipe" "~1.0.0"

"forwarded@0.2.0":
  "version" "0.2.0"

"fresh@0.5.2":
  "resolved" "https://registry.npmjs.org/fresh/-/fresh-0.5.2.tgz"
  "version" "0.5.2"

"fs.realpath@^1.0.0":
  "resolved" "https://registry.npmjs.org/fs.realpath/-/fs.realpath-1.0.0.tgz"
  "version" "1.0.0"

"function-bind@^1.1.1":
  "resolved" "https://registry.npmjs.org/function-bind/-/function-bind-1.1.1.tgz"
  "version" "1.1.1"

"get-intrinsic@^1.0.2", "get-intrinsic@^1.1.1":
  "version" "1.2.0"
  dependencies:
    "function-bind" "^1.1.1"
    "has" "^1.0.3"
    "has-symbols" "^1.0.3"

"glob@^7.1.3":
  "version" "7.2.3"
  dependencies:
    "fs.realpath" "^1.0.0"
    "inflight" "^1.0.4"
    "inherits" "2"
    "minimatch" "^3.1.1"
    "once" "^1.3.0"
    "path-is-absolute" "^1.0.0"

"graceful-fs@^4.1.2":
  "version" "4.2.11"

"handlebars@^4.1.2":
  "version" "4.7.7"
  dependencies:
    "minimist" "^1.2.5"
    "neo-async" "^2.6.0"
    "source-map" "^0.6.1"
    "wordwrap" "^1.0.0"
  optionalDependencies:
    "uglify-js" "^3.1.4"

"has-binary@0.1.7":
  "resolved" "https://registry.npmjs.org/has-binary/-/has-binary-0.1.7.tgz"
  "version" "0.1.7"
  dependencies:
    "isarray" "0.0.1"

"has-cors@1.1.0":
  "resolved" "https://registry.npmjs.org/has-cors/-/has-cors-1.1.0.tgz"
  "version" "1.1.0"

"has-property-descriptors@^1.0.0":
  "version" "1.0.0"
  dependencies:
    "get-intrinsic" "^1.1.1"

"has-symbols@^1.0.3":
  "version" "1.0.3"

"has@^1.0.3":
  "version" "1.0.3"
  dependencies:
    "function-bind" "^1.1.1"

"http-errors@2.0.0":
  "version" "2.0.0"
  dependencies:
    "depd" "2.0.0"
    "inherits" "2.0.4"
    "setprototypeof" "1.2.0"
    "statuses" "2.0.1"
    "toidentifier" "1.0.1"

"iconv-lite@0.4.24":
  "version" "0.4.24"
  dependencies:
    "safer-buffer" ">= 2.1.2 < 3"

"indexof@0.0.1":
  "resolved" "https://registry.npmjs.org/indexof/-/indexof-0.0.1.tgz"
  "version" "0.0.1"

"inflight@^1.0.4":
  "resolved" "https://registry.npmjs.org/inflight/-/inflight-1.0.6.tgz"
  "version" "1.0.6"
  dependencies:
    "once" "^1.3.0"
    "wrappy" "1"

"inherits@2", "inherits@2.0.4":
  "version" "2.0.4"

"ipaddr.js@1.9.1":
  "version" "1.9.1"

"isarray@0.0.1":
  "resolved" "https://registry.npmjs.org/isarray/-/isarray-0.0.1.tgz"
  "version" "0.0.1"

"json3@3.3.2":
  "resolved" "https://registry.npmjs.org/json3/-/json3-3.3.2.tgz"
  "version" "3.3.2"

"media-typer@0.3.0":
  "resolved" "https://registry.npmjs.org/media-typer/-/media-typer-0.3.0.tgz"
  "version" "0.3.0"

"merge-descriptors@1.0.1":
  "resolved" "https://registry.npmjs.org/merge-descriptors/-/merge-descriptors-1.0.1.tgz"
  "version" "1.0.1"

"methods@~1.1.2":
  "resolved" "https://registry.npmjs.org/methods/-/methods-1.1.2.tgz"
  "version" "1.1.2"

"mime-db@1.52.0":
  "version" "1.52.0"

"mime-types@~2.1.11", "mime-types@~2.1.24", "mime-types@~2.1.34":
  "version" "2.1.35"
  dependencies:
    "mime-db" "1.52.0"

"mime@1.6.0":
  "version" "1.6.0"

"minimatch@^3.1.1":
  "version" "3.1.2"
  dependencies:
    "brace-expansion" "^1.1.7"

"minimist@^1.2.0", "minimist@^1.2.5":
  "version" "1.2.8"

"ms@0.7.1":
  "resolved" "https://registry.npmjs.org/ms/-/ms-0.7.1.tgz"
  "version" "0.7.1"

"ms@0.7.2":
  "resolved" "https://registry.npmjs.org/ms/-/ms-0.7.2.tgz"
  "version" "0.7.2"

"ms@2.0.0":
  "resolved" "https://registry.npmjs.org/ms/-/ms-2.0.0.tgz"
  "version" "2.0.0"

"ms@2.1.3":
  "version" "2.1.3"

"negotiator@0.6.1":
  "resolved" "https://registry.npmjs.org/negotiator/-/negotiator-0.6.1.tgz"
  "version" "0.6.1"

"negotiator@0.6.3":
  "version" "0.6.3"

"neo-async@^2.6.0":
  "version" "2.6.2"

"object-assign@4.1.0":
  "resolved" "https://registry.npmjs.org/object-assign/-/object-assign-4.1.0.tgz"
  "version" "4.1.0"

"object-component@0.0.3":
  "resolved" "https://registry.npmjs.org/object-component/-/object-component-0.0.3.tgz"
  "version" "0.0.3"

"object-inspect@^1.9.0":
  "version" "1.12.3"

"object-keys@^1.1.1":
  "version" "1.1.1"

"object.assign@^4.1.0":
  "version" "4.1.4"
  dependencies:
    "call-bind" "^1.0.2"
    "define-properties" "^1.1.4"
    "has-symbols" "^1.0.3"
    "object-keys" "^1.1.1"

"on-finished@2.4.1":
  "version" "2.4.1"
  dependencies:
    "ee-first" "1.1.1"

"once@^1.3.0":
  "resolved" "https://registry.npmjs.org/once/-/once-1.4.0.tgz"
  "version" "1.4.0"
  dependencies:
    "wrappy" "1"

"options@>=0.0.5":
  "resolved" "https://registry.npmjs.org/options/-/options-0.0.6.tgz"
  "version" "0.0.6"

"parsejson@0.0.3":
  "resolved" "https://registry.npmjs.org/parsejson/-/parsejson-0.0.3.tgz"
  "version" "0.0.3"
  dependencies:
    "better-assert" "~1.0.0"

"parseqs@0.0.5":
  "resolved" "https://registry.npmjs.org/parseqs/-/parseqs-0.0.5.tgz"
  "version" "0.0.5"
  dependencies:
    "better-assert" "~1.0.0"

"parseuri@0.0.5":
  "resolved" "https://registry.npmjs.org/parseuri/-/parseuri-0.0.5.tgz"
  "version" "0.0.5"
  dependencies:
    "better-assert" "~1.0.0"

"parseurl@~1.3.3":
  "version" "1.3.3"

"path-is-absolute@^1.0.0":
  "resolved" "https://registry.npmjs.org/path-is-absolute/-/path-is-absolute-1.0.1.tgz"
  "version" "1.0.1"

"path-to-regexp@0.1.7":
  "resolved" "https://registry.npmjs.org/path-to-regexp/-/path-to-regexp-0.1.7.tgz"
  "version" "0.1.7"

"promise@^8.0.2":
  "version" "8.3.0"
  dependencies:
    "asap" "~2.0.6"

"proxy-addr@~2.0.7":
  "version" "2.0.7"
  dependencies:
    "forwarded" "0.2.0"
    "ipaddr.js" "1.9.1"

"qs@6.11.0":
  "version" "6.11.0"
  dependencies:
    "side-channel" "^1.0.4"

"range-parser@~1.2.1":
  "version" "1.2.1"

"raw-body@2.5.1":
  "version" "2.5.1"
  dependencies:
    "bytes" "3.1.2"
    "http-errors" "2.0.0"
    "iconv-lite" "0.4.24"
    "unpipe" "1.0.0"

"raw-body@2.5.2":
  "version" "2.5.2"
  dependencies:
    "bytes" "3.1.2"
    "http-errors" "2.0.0"
    "iconv-lite" "0.4.24"
    "unpipe" "1.0.0"

"safe-buffer@5.2.1":
  "version" "5.2.1"

"safer-buffer@>= 2.1.2 < 3":
  "resolved" "https://registry.npmjs.org/safer-buffer/-/safer-buffer-2.1.2.tgz"
  "version" "2.1.2"

"send@0.18.0":
  "version" "0.18.0"
  dependencies:
    "debug" "2.6.9"
    "depd" "2.0.0"
    "destroy" "1.2.0"
    "encodeurl" "~1.0.2"
    "escape-html" "~1.0.3"
    "etag" "~1.8.1"
    "fresh" "0.5.2"
    "http-errors" "2.0.0"
    "mime" "1.6.0"
    "ms" "2.1.3"
    "on-finished" "2.4.1"
    "range-parser" "~1.2.1"
    "statuses" "2.0.1"

"serve-static@1.15.0":
  "version" "1.15.0"
  dependencies:
    "encodeurl" "~1.0.2"
    "escape-html" "~1.0.3"
    "parseurl" "~1.3.3"
    "send" "0.18.0"

"setprototypeof@1.2.0":
  "version" "1.2.0"

"side-channel@^1.0.4":
  "version" "1.0.4"
  dependencies:
    "call-bind" "^1.0.0"
    "get-intrinsic" "^1.0.2"
    "object-inspect" "^1.9.0"

"socket.io-adapter@0.5.0":
  "resolved" "https://registry.npmjs.org/socket.io-adapter/-/socket.io-adapter-0.5.0.tgz"
  "version" "0.5.0"
  dependencies:
    "debug" "2.3.3"
    "socket.io-parser" "2.3.1"

"socket.io-client@1.7.4":
  "resolved" "https://registry.npmjs.org/socket.io-client/-/socket.io-client-1.7.4.tgz"
  "version" "1.7.4"
  dependencies:
    "backo2" "1.0.2"
    "component-bind" "1.0.0"
    "component-emitter" "1.2.1"
    "debug" "2.3.3"
    "engine.io-client" "~1.8.4"
    "has-binary" "0.1.7"
    "indexof" "0.0.1"
    "object-component" "0.0.3"
    "parseuri" "0.0.5"
    "socket.io-parser" "2.3.1"
    "to-array" "0.1.4"

"socket.io-parser@2.3.1":
  "resolved" "https://registry.npmjs.org/socket.io-parser/-/socket.io-parser-2.3.1.tgz"
  "version" "2.3.1"
  dependencies:
    "component-emitter" "1.1.2"
    "debug" "2.2.0"
    "isarray" "0.0.1"
    "json3" "3.3.2"

"socket.io@^1.4.6":
  "resolved" "https://registry.npmjs.org/socket.io/-/socket.io-1.7.4.tgz"
  "version" "1.7.4"
  dependencies:
    "debug" "2.3.3"
    "engine.io" "~1.8.4"
    "has-binary" "0.1.7"
    "object-assign" "4.1.0"
    "socket.io-adapter" "0.5.0"
    "socket.io-client" "1.7.4"
    "socket.io-parser" "2.3.1"

"source-map@^0.6.1":
  "version" "0.6.1"

"statuses@2.0.1":
  "version" "2.0.1"

"to-array@0.1.4":
  "resolved" "https://registry.npmjs.org/to-array/-/to-array-0.1.4.tgz"
  "version" "0.1.4"

"toidentifier@1.0.1":
  "version" "1.0.1"

"type-is@~1.6.18":
  "version" "1.6.18"
  dependencies:
    "media-typer" "0.3.0"
    "mime-types" "~2.1.24"

"uglify-js@^3.1.4":
  "version" "3.17.4"

"ultron@1.0.x":
  "resolved" "https://registry.npmjs.org/ultron/-/ultron-1.0.2.tgz"
  "version" "1.0.2"

"unpipe@~1.0.0", "unpipe@1.0.0":
  "resolved" "https://registry.npmjs.org/unpipe/-/unpipe-1.0.0.tgz"
  "version" "1.0.0"

"utils-merge@1.0.1":
  "resolved" "https://registry.npmjs.org/utils-merge/-/utils-merge-1.0.1.tgz"
  "version" "1.0.1"

"vary@~1.1.2":
  "resolved" "https://registry.npmjs.org/vary/-/vary-1.1.2.tgz"
  "version" "1.1.2"

"wordwrap@^1.0.0":
  "version" "1.0.0"

"wrappy@1":
  "resolved" "https://registry.npmjs.org/wrappy/-/wrappy-1.0.2.tgz"
  "version" "1.0.2"

"ws@~1.1.5":
  "resolved" "https://registry.npmjs.org/ws/-/ws-1.1.5.tgz"
  "version" "1.1.5"
  dependencies:
    "options" ">=0.0.5"
    "ultron" "1.0.x"

"wtf-8@1.0.0":
  "resolved" "https://registry.npmjs.org/wtf-8/-/wtf-8-1.0.0.tgz"
  "version" "1.0.0"

"xmlhttprequest-ssl@1.6.3":
  "version" "1.6.3"

"yeast@0.1.2":
  "resolved" "https://registry.npmjs.org/yeast/-/yeast-0.1.2.tgz"
  "version" "0.1.2"
